
Microsoft Visual Studio Solution File, Format Version 12.00
# Visual Studio Version 17
VisualStudioVersion = 17.0.31903.59
MinimumVisualStudioVersion = 10.0.40219.1
Project("{2150E333-8FDC-42A3-9474-1A3956D46DE8}") = "src", "src", "{827E0CD3-B72D-47B6-A68D-7590B98EB39B}"
EndProject
Project("{FAE04EC0-301F-11D3-BF4B-00C04F79EFBC}") = "SpaceNotch.App", "src\SpaceNotch.App\SpaceNotch.App.csproj", "{C6DEDC24-BD1D-4E6B-A4EF-1B9733DEB7D5}"
EndProject
Project("{FAE04EC0-301F-11D3-BF4B-00C04F79EFBC}") = "SpaceNotch.Core", "src\SpaceNotch.Core\SpaceNotch.Core.csproj", "{9D7223EA-229D-4A13-9CC3-52191BAA6C3A}"
EndProject
Project("{FAE04EC0-301F-11D3-BF4B-00C04F79EFBC}") = "SpaceNotch.Platform.Windows", "src\SpaceNotch.Platform.Windows\SpaceNotch.Platform.Windows.csproj", "{7A8AFCBD-68A3-44C3-8B4F-1EA2B5F073E3}"
EndProject
Project("{FAE04EC0-301F-11D3-BF4B-00C04F79EFBC}") = "SpaceNotch.Features", "src\SpaceNotch.Features\SpaceNotch.Features.csproj", "{97604F91-B1CE-469B-ABCC-399AB698A0FB}"
EndProject
Project("{FAE04EC0-301F-11D3-BF4B-00C04F79EFBC}") = "SpaceNotch.Infrastructure", "src\SpaceNotch.Infrastructure\SpaceNotch.Infrastructure.csproj", "{E116F3FC-6FF4-49B2-B03D-3019CBB7B032}"
EndProject
Project("{2150E333-8FDC-42A3-9474-1A3956D46DE8}") = "tests", "tests", "{0AB3BF05-4346-4AA6-1389-037BE0695223}"
EndProject
Project("{FAE04EC0-301F-11D3-BF4B-00C04F79EFBC}") = "SpaceNotch.Core.Tests", "tests\SpaceNotch.Core.Tests\SpaceNotch.Core.Tests.csproj", "{4D5455AB-FF7A-42E8-9DBC-992A0C01A473}"
EndProject
Project("{FAE04EC0-301F-11D3-BF4B-00C04F79EFBC}") = "SpaceNotch.TestPlugin", "tests\SpaceNotch.TestPlugin\SpaceNotch.TestPlugin.csproj", "{19A2A8C1-C4AB-4DAE-B8A5-D7AB38D5BFC1}"
EndProject
Project("{2150E333-8FDC-42A3-9474-1A3956D46DE8}") = "samples", "samples", "{5D20AA90-6969-D8BD-9DCD-8634F4692FDA}"
EndProject
Project("{FAE04EC0-301F-11D3-BF4B-00C04F79EFBC}") = "SpaceNotch.SamplePlugin.Weather", "samples\SpaceNotch.SamplePlugin.Weather\SpaceNotch.SamplePlugin.Weather.csproj", "{DCCBEEA2-61A6-435E-962D-9F0BC876B17E}"
EndProject
Project("{FAE04EC0-301F-11D3-BF4B-00C04F79EFBC}") = "SpaceNotch.SamplePlugin.Tests", "tests\SpaceNotch.SamplePlugin.Tests\SpaceNotch.SamplePlugin.Tests.csproj", "{84A473D7-BC59-47BC-ACBB-EB7574F0FAD3}"
EndProject
Global
	GlobalSection(SolutionConfigurationPlatforms) = preSolution
		Debug|Any CPU = Debug|Any CPU
		Debug|x64 = Debug|x64
		Debug|x86 = Debug|x86
		Release|Any CPU = Release|Any CPU
		Release|x64 = Release|x64
		Release|x86 = Release|x86
	EndGlobalSection
	GlobalSection(ProjectConfigurationPlatforms) = postSolution
		{C6DEDC24-BD1D-4E6B-A4EF-1B9733DEB7D5}.Debug|Any CPU.ActiveCfg = Debug|x64
		{C6DEDC24-BD1D-4E6B-A4EF-1B9733DEB7D5}.Debug|Any CPU.Build.0 = Debug|x64
		{C6DEDC24-BD1D-4E6B-A4EF-1B9733DEB7D5}.Debug|x64.ActiveCfg = Debug|x64
		{C6DEDC24-BD1D-4E6B-A4EF-1B9733DEB7D5}.Debug|x64.Build.0 = Debug|x64
		{C6DEDC24-BD1D-4E6B-A4EF-1B9733DEB7D5}.Debug|x86.ActiveCfg = Debug|x86
		{C6DEDC24-BD1D-4E6B-A4EF-1B9733DEB7D5}.Debug|x86.Build.0 = Debug|x86
		{C6DEDC24-BD1D-4E6B-A4EF-1B9733DEB7D5}.Release|Any CPU.ActiveCfg = Release|x64
		{C6DEDC24-BD1D-4E6B-A4EF-1B9733DEB7D5}.Release|Any CPU.Build.0 = Release|x64
		{C6DEDC24-BD1D-4E6B-A4EF-1B9733DEB7D5}.Release|x64.ActiveCfg = Release|x64
		{C6DEDC24-BD1D-4E6B-A4EF-1B9733DEB7D5}.Release|x64.Build.0 = Release|x64
		{C6DEDC24-BD1D-4E6B-A4EF-1B9733DEB7D5}.Release|x86.ActiveCfg = Release|x86
		{C6DEDC24-BD1D-4E6B-A4EF-1B9733DEB7D5}.Release|x86.Build.0 = Release|x86
		{9D7223EA-229D-4A13-9CC3-52191BAA6C3A}.Debug|Any CPU.ActiveCfg = Debug|Any CPU
		{9D7223EA-229D-4A13-9CC3-52191BAA6C3A}.Debug|Any CPU.Build.0 = Debug|Any CPU
		{9D7223EA-229D-4A13-9CC3-52191BAA6C3A}.Debug|x64.ActiveCfg = Debug|Any CPU
		{9D7223EA-229D-4A13-9CC3-52191BAA6C3A}.Debug|x64.Build.0 = Debug|Any CPU
		{9D7223EA-229D-4A13-9CC3-52191BAA6C3A}.Debug|x86.ActiveCfg = Debug|Any CPU
		{9D7223EA-229D-4A13-9CC3-52191BAA6C3A}.Debug|x86.Build.0 = Debug|Any CPU
		{9D7223EA-229D-4A13-9CC3-52191BAA6C3A}.Release|Any CPU.ActiveCfg = Release|Any CPU
		{9D7223EA-229D-4A13-9CC3-52191BAA6C3A}.Release|Any CPU.Build.0 = Release|Any CPU
		{9D7223EA-229D-4A13-9CC3-52191BAA6C3A}.Release|x64.ActiveCfg = Release|Any CPU
		{9D7223EA-229D-4A13-9CC3-52191BAA6C3A}.Release|x64.Build.0 = Release|Any CPU
		{9D7223EA-229D-4A13-9CC3-52191BAA6C3A}.Release|x86.ActiveCfg = Release|Any CPU
		{9D7223EA-229D-4A13-9CC3-52191BAA6C3A}.Release|x86.Build.0 = Release|Any CPU
		{7A8AFCBD-68A3-44C3-8B4F-1EA2B5F073E3}.Debug|Any CPU.ActiveCfg = Debug|Any CPU
		{7A8AFCBD-68A3-44C3-8B4F-1EA2B5F073E3}.Debug|Any CPU.Build.0 = Debug|Any CPU
		{7A8AFCBD-68A3-44C3-8B4F-1EA2B5F073E3}.Debug|x64.ActiveCfg = Debug|Any CPU
		{7A8AFCBD-68A3-44C3-8B4F-1EA2B5F073E3}.Debug|x64.Build.0 = Debug|Any CPU
		{7A8AFCBD-68A3-44C3-8B4F-1EA2B5F073E3}.Debug|x86.ActiveCfg = Debug|Any CPU
		{7A8AFCBD-68A3-44C3-8B4F-1EA2B5F073E3}.Debug|x86.Build.0 = Debug|Any CPU
		{7A8AFCBD-68A3-44C3-8B4F-1EA2B5F073E3}.Release|Any CPU.ActiveCfg = Release|Any CPU
		{7A8AFCBD-68A3-44C3-8B4F-1EA2B5F073E3}.Release|Any CPU.Build.0 = Release|Any CPU
		{7A8AFCBD-68A3-44C3-8B4F-1EA2B5F073E3}.Release|x64.ActiveCfg = Release|Any CPU
		{7A8AFCBD-68A3-44C3-8B4F-1EA2B5F073E3}.Release|x64.Build.0 = Release|Any CPU
		{7A8AFCBD-68A3-44C3-8B4F-1EA2B5F073E3}.Release|x86.ActiveCfg = Release|Any CPU
		{7A8AFCBD-68A3-44C3-8B4F-1EA2B5F073E3}.Release|x86.Build.0 = Release|Any CPU
		{97604F91-B1CE-469B-ABCC-399AB698A0FB}.Debug|Any CPU.ActiveCfg = Debug|Any CPU
		{97604F91-B1CE-469B-ABCC-399AB698A0FB}.Debug|Any CPU.Build.0 = Debug|Any CPU
		{97604F91-B1CE-469B-ABCC-399AB698A0FB}.Debug|x64.ActiveCfg = Debug|Any CPU
		{97604F91-B1CE-469B-ABCC-399AB698A0FB}.Debug|x64.Build.0 = Debug|Any CPU
		{97604F91-B1CE-469B-ABCC-399AB698A0FB}.Debug|x86.ActiveCfg = Debug|Any CPU
		{97604F91-B1CE-469B-ABCC-399AB698A0FB}.Debug|x86.Build.0 = Debug|Any CPU
		{97604F91-B1CE-469B-ABCC-399AB698A0FB}.Release|Any CPU.ActiveCfg = Release|Any CPU
		{97604F91-B1CE-469B-ABCC-399AB698A0FB}.Release|Any CPU.Build.0 = Release|Any CPU
		{97604F91-B1CE-469B-ABCC-399AB698A0FB}.Release|x64.ActiveCfg = Release|Any CPU
		{97604F91-B1CE-469B-ABCC-399AB698A0FB}.Release|x64.Build.0 = Release|Any CPU
		{97604F91-B1CE-469B-ABCC-399AB698A0FB}.Release|x86.ActiveCfg = Release|Any CPU
		{97604F91-B1CE-469B-ABCC-399AB698A0FB}.Release|x86.Build.0 = Release|Any CPU
		{E116F3FC-6FF4-49B2-B03D-3019CBB7B032}.Debug|Any CPU.ActiveCfg = Debug|Any CPU
		{E116F3FC-6FF4-49B2-B03D-3019CBB7B032}.Debug|Any CPU.Build.0 = Debug|Any CPU
		{E116F3FC-6FF4-49B2-B03D-3019CBB7B032}.Debug|x64.ActiveCfg = Debug|Any CPU
		{E116F3FC-6FF4-49B2-B03D-3019CBB7B032}.Debug|x64.Build.0 = Debug|Any CPU
		{E116F3FC-6FF4-49B2-B03D-3019CBB7B032}.Debug|x86.ActiveCfg = Debug|Any CPU
		{E116F3FC-6FF4-49B2-B03D-3019CBB7B032}.Debug|x86.Build.0 = Debug|Any CPU
		{E116F3FC-6FF4-49B2-B03D-3019CBB7B032}.Release|Any CPU.ActiveCfg = Release|Any CPU
		{E116F3FC-6FF4-49B2-B03D-3019CBB7B032}.Release|Any CPU.Build.0 = Release|Any CPU
		{E116F3FC-6FF4-49B2-B03D-3019CBB7B032}.Release|x64.ActiveCfg = Release|Any CPU
		{E116F3FC-6FF4-49B2-B03D-3019CBB7B032}.Release|x64.Build.0 = Release|Any CPU
		{E116F3FC-6FF4-49B2-B03D-3019CBB7B032}.Release|x86.ActiveCfg = Release|Any CPU
		{E116F3FC-6FF4-49B2-B03D-3019CBB7B032}.Release|x86.Build.0 = Release|Any CPU
		{4D5455AB-FF7A-42E8-9DBC-992A0C01A473}.Debug|Any CPU.ActiveCfg = Debug|Any CPU
		{4D5455AB-FF7A-42E8-9DBC-992A0C01A473}.Debug|Any CPU.Build.0 = Debug|Any CPU
		{4D5455AB-FF7A-42E8-9DBC-992A0C01A473}.Debug|x64.ActiveCfg = Debug|Any CPU
		{4D5455AB-FF7A-42E8-9DBC-992A0C01A473}.Debug|x64.Build.0 = Debug|Any CPU
		{4D5455AB-FF7A-42E8-9DBC-992A0C01A473}.Debug|x86.ActiveCfg = Debug|Any CPU
		{4D5455AB-FF7A-42E8-9DBC-992A0C01A473}.Debug|x86.Build.0 = Debug|Any CPU
		{4D5455AB-FF7A-42E8-9DBC-992A0C01A473}.Release|Any CPU.ActiveCfg = Release|Any CPU
		{4D5455AB-FF7A-42E8-9DBC-992A0C01A473}.Release|Any CPU.Build.0 = Release|Any CPU
		{4D5455AB-FF7A-42E8-9DBC-992A0C01A473}.Release|x64.ActiveCfg = Release|Any CPU
		{4D5455AB-FF7A-42E8-9DBC-992A0C01A473}.Release|x64.Build.0 = Release|Any CPU
		{4D5455AB-FF7A-42E8-9DBC-992A0C01A473}.Release|x86.ActiveCfg = Release|Any CPU
		{4D5455AB-FF7A-42E8-9DBC-992A0C01A473}.Release|x86.Build.0 = Release|Any CPU
		{19A2A8C1-C4AB-4DAE-B8A5-D7AB38D5BFC1}.Debug|Any CPU.ActiveCfg = Debug|Any CPU
		{19A2A8C1-C4AB-4DAE-B8A5-D7AB38D5BFC1}.Debug|Any CPU.Build.0 = Debug|Any CPU
		{19A2A8C1-C4AB-4DAE-B8A5-D7AB38D5BFC1}.Debug|x64.ActiveCfg = Debug|Any CPU
		{19A2A8C1-C4AB-4DAE-B8A5-D7AB38D5BFC1}.Debug|x64.Build.0 = Debug|Any CPU
		{19A2A8C1-C4AB-4DAE-B8A5-D7AB38D5BFC1}.Debug|x86.ActiveCfg = Debug|Any CPU
		{19A2A8C1-C4AB-4DAE-B8A5-D7AB38D5BFC1}.Debug|x86.Build.0 = Debug|Any CPU
		{19A2A8C1-C4AB-4DAE-B8A5-D7AB38D5BFC1}.Release|Any CPU.ActiveCfg = Release|Any CPU
		{19A2A8C1-C4AB-4DAE-B8A5-D7AB38D5BFC1}.Release|Any CPU.Build.0 = Release|Any CPU
		{19A2A8C1-C4AB-4DAE-B8A5-D7AB38D5BFC1}.Release|x64.ActiveCfg = Release|Any CPU
		{19A2A8C1-C4AB-4DAE-B8A5-D7AB38D5BFC1}.Release|x64.Build.0 = Release|Any CPU
		{19A2A8C1-C4AB-4DAE-B8A5-D7AB38D5BFC1}.Release|x86.ActiveCfg = Release|Any CPU
		{19A2A8C1-C4AB-4DAE-B8A5-D7AB38D5BFC1}.Release|x86.Build.0 = Release|Any CPU
		{DCCBEEA2-61A6-435E-962D-9F0BC876B17E}.Debug|Any CPU.ActiveCfg = Debug|Any CPU
		{DCCBEEA2-61A6-435E-962D-9F0BC876B17E}.Debug|Any CPU.Build.0 = Debug|Any CPU
		{DCCBEEA2-61A6-435E-962D-9F0BC876B17E}.Debug|x64.ActiveCfg = Debug|Any CPU
		{DCCBEEA2-61A6-435E-962D-9F0BC876B17E}.Debug|x64.Build.0 = Debug|Any CPU
		{DCCBEEA2-61A6-435E-962D-9F0BC876B17E}.Debug|x86.ActiveCfg = Debug|Any CPU
		{DCCBEEA2-61A6-435E-962D-9F0BC876B17E}.Debug|x86.Build.0 = Debug|Any CPU
		{DCCBEEA2-61A6-435E-962D-9F0BC876B17E}.Release|Any CPU.ActiveCfg = Release|Any CPU
		{DCCBEEA2-61A6-435E-962D-9F0BC876B17E}.Release|Any CPU.Build.0 = Release|Any CPU
		{DCCBEEA2-61A6-435E-962D-9F0BC876B17E}.Release|x64.ActiveCfg = Release|Any CPU
		{DCCBEEA2-61A6-435E-962D-9F0BC876B17E}.Release|x64.Build.0 = Release|Any CPU
		{DCCBEEA2-61A6-435E-962D-9F0BC876B17E}.Release|x86.ActiveCfg = Release|Any CPU
		{DCCBEEA2-61A6-435E-962D-9F0BC876B17E}.Release|x86.Build.0 = Release|Any CPU
		{84A473D7-BC59-47BC-ACBB-EB7574F0FAD3}.Debug|Any CPU.ActiveCfg = Debug|Any CPU
		{84A473D7-BC59-47BC-ACBB-EB7574F0FAD3}.Debug|Any CPU.Build.0 = Debug|Any CPU
		{84A473D7-BC59-47BC-ACBB-EB7574F0FAD3}.Debug|x64.ActiveCfg = Debug|Any CPU
		{84A473D7-BC59-47BC-ACBB-EB7574F0FAD3}.Debug|x64.Build.0 = Debug|Any CPU
		{84A473D7-BC59-47BC-ACBB-EB7574F0FAD3}.Debug|x86.ActiveCfg = Debug|Any CPU
		{84A473D7-BC59-47BC-ACBB-EB7574F0FAD3}.Debug|x86.Build.0 = Debug|Any CPU
		{84A473D7-BC59-47BC-ACBB-EB7574F0FAD3}.Release|Any CPU.ActiveCfg = Release|Any CPU
		{84A473D7-BC59-47BC-ACBB-EB7574F0FAD3}.Release|Any CPU.Build.0 = Release|Any CPU
		{84A473D7-BC59-47BC-ACBB-EB7574F0FAD3}.Release|x64.ActiveCfg = Release|Any CPU
		{84A473D7-BC59-47BC-ACBB-EB7574F0FAD3}.Release|x64.Build.0 = Release|Any CPU
		{84A473D7-BC59-47BC-ACBB-EB7574F0FAD3}.Release|x86.ActiveCfg = Release|Any CPU
		{84A473D7-BC59-47BC-ACBB-EB7574F0FAD3}.Release|x86.Build.0 = Release|Any CPU
	EndGlobalSection
	GlobalSection(SolutionProperties) = preSolution
		HideSolutionNode = FALSE
	EndGlobalSection
	GlobalSection(NestedProjects) = preSolution
		{C6DEDC24-BD1D-4E6B-A4EF-1B9733DEB7D5} = {827E0CD3-B72D-47B6-A68D-7590B98EB39B}
		{9D7223EA-229D-4A13-9CC3-52191BAA6C3A} = {827E0CD3-B72D-47B6-A68D-7590B98EB39B}
		{7A8AFCBD-68A3-44C3-8B4F-1EA2B5F073E3} = {827E0CD3-B72D-47B6-A68D-7590B98EB39B}
		{97604F91-B1CE-469B-ABCC-399AB698A0FB} = {827E0CD3-B72D-47B6-A68D-7590B98EB39B}
		{E116F3FC-6FF4-49B2-B03D-3019CBB7B032} = {827E0CD3-B72D-47B6-A68D-7590B98EB39B}
		{4D5455AB-FF7A-42E8-9DBC-992A0C01A473} = {0AB3BF05-4346-4AA6-1389-037BE0695223}
		{19A2A8C1-C4AB-4DAE-B8A5-D7AB38D5BFC1} = {0AB3BF05-4346-4AA6-1389-037BE0695223}
		{DCCBEEA2-61A6-435E-962D-9F0BC876B17E} = {5D20AA90-6969-D8BD-9DCD-8634F4692FDA}
		{84A473D7-BC59-47BC-ACBB-EB7574F0FAD3} = {0AB3BF05-4346-4AA6-1389-037BE0695223}
	EndGlobalSection
EndGlobal
